
Microsoft Visual Studio Solution File, Format Version 12.00
# Visual Studio Version 16
VisualStudioVersion = 16.0.32106.194
MinimumVisualStudioVersion = 10.0.40219.1
Project("{FAE04EC0-301F-11D3-BF4B-00C04F79EFBC}") = "test_xml_send", "test_xml_send\test_xml_send.csproj", "{E856C2F3-2264-434F-AA3F-2BB22257F67E}"
EndProject
Global
	GlobalSection(SolutionConfigurationPlatforms) = preSolution
		Debug|Any CPU = Debug|Any CPU
		Release|Any CPU = Release|Any CPU
	EndGlobalSection
	GlobalSection(ProjectConfigurationPlatforms) = postSolution
		{E856C2F3-2264-434F-AA3F-2BB22257F67E}.Debug|Any CPU.ActiveCfg = Debug|Any CPU
		{E856C2F3-2264-434F-AA3F-2BB22257F67E}.Debug|Any CPU.Build.0 = Debug|Any CPU
		{E856C2F3-2264-434F-AA3F-2BB22257F67E}.Release|Any CPU.ActiveCfg = Release|Any CPU
		{E856C2F3-2264-434F-AA3F-2BB22257F67E}.Release|Any CPU.Build.0 = Release|Any CPU
	EndGlobalSection
	GlobalSection(SolutionProperties) = preSolution
		HideSolutionNode = FALSE
	EndGlobalSection
	GlobalSection(ExtensibilityGlobals) = postSolution
		SolutionGuid = {A3883525-8EDB-4B7C-B921-D94752E899FC}
	EndGlobalSection
EndGlobal
